version = 1
revision = 3
requires-python = ">=3.13"

[[package]]
name = "boto3"
version = "1.35.63"
source = { registry = "https://pypi.org/simple" }
dependencies = [
    { name = "botocore" },
    { name = "jmespath" },
    { name = "s3transfer" },
]
sdist = { url = "https://files.pythonhosted.org/packages/ec/3c/c352b0d011fa2edc56dea0ab7c83c4b3ca33712b7b11bc7ae40bc233a89c/boto3-1.35.63.tar.gz", hash = "sha256:deb593d9a0fb240deb4c43e4da8e6626d7c36be7b2fd2fe28f49d44d395b7de0", size = 111003, upload-time = "2024-11-15T20:16:50.317Z" }
wheels = [
    { url = "https://files.pythonhosted.org/packages/99/02/b38e1fdc9129c2e26ea0d86cbb6641ee148ab1886b4827b30d9bd3361c52/boto3-1.35.63-py3-none-any.whl", hash = "sha256:d0f938d4f6f392b6ffc5e75fff14a42e5bbb5228675a0367c8af55398abadbec", size = 139179, upload-time = "2024-11-15T20:16:47.705Z" },
]

[[package]]
name = "boto3-stubs"
version = "1.35.63"
source = { registry = "https://pypi.org/simple" }
dependencies = [
    { name = "botocore-stubs" },
    { name = "types-s3transfer" },
]
sdist = { url = "https://files.pythonhosted.org/packages/8e/cf/b4116eefdc95102271df2a47bef1db7ac88d1c1b938648c4302fe817150c/boto3_stubs-1.35.63.tar.gz", hash = "sha256:cc471636d28f595bf750dc3c2079d16e988c9f518a66f50c9d62b0119c3f72cf", size = 92215, upload-time = "2024-11-15T20:29:27.173Z" }
wheels = [
    { url = "https://files.pythonhosted.org/packages/d5/af/c357c3af2ecc581a5513adcf84c37d1e1f6e79693ff2d56d7d0bf82d485c/boto3_stubs-1.35.63-py3-none-any.whl", hash = "sha256:74663e6087360f49a4da4d2079bca6a809586f44d42238046d5a726c48be4a00", size = 62165, upload-time = "2024-11-15T20:29:21.91Z" },
]

[package.optional-dependencies]
textract = [
    { name = "mypy-boto3-textract" },
]

[[package]]
name = "botocore"
version = "1.35.63"
source = { registry = "https://pypi.org/simple" }
dependencies = [
    { name = "jmespath" },
    { name = "python-dateutil" },
    { name = "urllib3" },
]
sdist = { url = "https://files.pythonhosted.org/packages/6e/db/11eb0bfd552d28872654663c0b8d9c3fc0e57ba88261b0b1877c990e1740/botocore-1.35.63.tar.gz", hash = "sha256:2b8196bab0a997d206c3d490b52e779ef47dffb68c57c685443f77293aca1589", size = 13038035, upload-time = "2024-11-15T20:16:37.06Z" }
wheels = [
    { url = "https://files.pythonhosted.org/packages/fd/36/6b1c3ff8258586ce6cdffc4e3b1593d7ff1a97db04f3e99c38b3909ac318/botocore-1.35.63-py3-none-any.whl", hash = "sha256:0ca1200694a4c0a3fa846795d8e8a08404c214e21195eb9e010c4b8a4ca78a4a", size = 12829128, upload-time = "2024-11-15T20:16:32.003Z" },
]

[[package]]
name = "botocore-stubs"
version = "1.35.63"
source = { registry = "https://pypi.org/simple" }
dependencies = [
    { name = "types-awscrt" },
]
sdist = { url = "https://files.pythonhosted.org/packages/60/52/963f84d004f6679f2cce0972b3e1e17af62611567ec25368b3a06728696b/botocore_stubs-1.35.63.tar.gz", hash = "sha256:e7d1f5c704c837b751e5c2b1d128f7c889ab04ebf2d56143702f5fc92702858b", size = 40705, upload-time = "2024-11-15T21:13:33.433Z" }
wheels = [
    { url = "https://files.pythonhosted.org/packages/4b/07/762c66e611c3d1668b3a4074dff26cff4974cb9627ba18506f67b807cd09/botocore_stubs-1.35.63-py3-none-any.whl", hash = "sha256:7ac5cbfb3bf15106c3344a56d5e853c07dd1fc775ebc37ff1a2d2cb0e79b4ef1", size = 60353, upload-time = "2024-11-15T21:13:30.978Z" },
]

[[package]]
name = "colorama"
version = "0.4.6"
source = { registry = "https://pypi.org/simple" }
sdist = { url = "https://files.pythonhosted.org/packages/d8/53/6f443c9a4a8358a93a6792e2acffb9d9d5cb0a5cfd8802644b7b1c9a02e4/colorama-0.4.6.tar.gz", hash = "sha256:08695f5cb7ed6e0531a20572697297273c47b8cae5a63ffc6d6ed5c201be6e44", size = 27697, upload-time = "2022-10-25T02:36:22.414Z" }
wheels = [
    { url = "https://files.pythonhosted.org/packages/d1/d6/3965ed04c63042e047cb6a3e6ed1a63a35087b6a609aa3a15ed8ac56c221/colorama-0.4.6-py2.py3-none-any.whl", hash = "sha256:4f1d9991f5acc0ca119f9d443620b77f9d6b33703e51011c16baf57afb285fc6", size = 25335, upload-time = "2022-10-25T02:36:20.889Z" },
]

[[package]]
name = "iniconfig"
version = "2.3.0"
source = { registry = "https://pypi.org/simple" }
sdist = { url = "https://files.pythonhosted.org/packages/72/34/14ca021ce8e5dfedc35312d08ba8bf51fdd999c576889fc2c24cb97f4f10/iniconfig-2.3.0.tar.gz", hash = "sha256:c76315c77db068650d49c5b56314774a7804df16fee4402c1f19d6d15d8c4730", size = 20503, upload-time = "2025-10-18T21:55:43.219Z" }
wheels = [
    { url = "https://files.pythonhosted.org/packages/cb/b1/3846dd7f199d53cb17f49cba7e651e9ce294d8497c8c150530ed11865bb8/iniconfig-2.3.0-py3-none-any.whl", hash = "sha256:f631c04d2c48c52b84d0d0549c99ff3859c98df65b3101406327ecc7d53fbf12", size = 7484, upload-time = "2025-10-18T21:55:41.639Z" },
]

[[package]]
name = "jmespath"
version = "1.0.1"
source = { registry = "https://pypi.org/simple" }
sdist = { url = "https://files.pythonhosted.org/packages/00/2a/e867e8531cf3e36b41201936b7fa7ba7b5702dbef42922193f05c8976cd6/jmespath-1.0.1.tar.gz", hash = "sha256:90261b206d6defd58fdd5e85f478bf633a2901798906be2ad389150c5c60edbe", size = 25843, upload-time = "2022-06-17T18:00:12.224Z" }
wheels = [
    { url = "https://files.pythonhosted.org/packages/31/b4/b9b800c45527aadd64d5b442f9b932b00648617eb5d63d2c7a6587b7cafc/jmespath-1.0.1-py3-none-any.whl", hash = "sha256:02e2e4cc71b5bcab88332eebf907519190dd9e6e82107fa7f83b1003a6252980", size = 20256, upload-time = "2022-06-17T18:00:10.251Z" },
]

[[package]]
name = "mypy-boto3-textract"
version = "1.35.0"
source = { registry = "https://pypi.org/simple" }
sdist = { url = "https://files.pythonhosted.org/packages/fb/f9/c5f57f5e2704ca2cd9212a3e9380c5a73793778d04ecebd55367ac2c68fd/mypy_boto3_textract-1.35.0.tar.gz", hash = "sha256:8b43663513f0132a6be26d2f36d2435c71006c272a7714dec58dcc0da96dbe1f", size = 20571, upload-time = "2024-08-16T20:02:02.663Z" }
wheels = [
    { url = "https://files.pythonhosted.org/packages/d5/d2/6703631e99cc5b58dd094df6db253e579ec12d7d87773b880bf0f2d4453e/mypy_boto3_textract-1.35.0-py3-none-any.whl", hash = "sha256:3e365bde3644a05961fdd616f4feb93e667b89e676867249ffc2240e46761d1d", size = 29716, upload-time = "2024-08-16T20:02:01.533Z" },
]

[[package]]
name = "ocr-lista-escolar"
version = "0.1.0"
source = { virtual = "." }
dependencies = [
    { name = "boto3" },
    { name = "boto3-stubs", extra = ["textract"] },
]

[package.dev-dependencies]
dev = [
    { name = "pytest" },
]

[package.metadata]
requires-dist = [
    { name = "boto3", specifier = ">=1.35.63" },
    { name = "boto3-stubs", extras = ["textract"], specifier = ">=1.35.63" },
]

[package.metadata.requires-dev]
dev = [{ name = "pytest", specifier = ">=8.0.0" }]

[[package]]
name = "packaging"
version = "26.2"
source = { registry = "https://pypi.org/simple" }
sdist = { url = "https://files.pythonhosted.org/packages/d7/f1/e7a6dd94a8d4a5626c03e4e99c87f241ba9e350cd9e6d75123f992427270/packaging-26.2.tar.gz", hash = "sha256:ff452ff5a3e828ce110190feff1178bb1f2ea2281fa2075aadb987c2fb221661", size = 228134, upload-time = "2026-04-24T20:15:23.917Z" }
wheels = [
    { url = "https://files.pythonhosted.org/packages/df/b2/87e62e8c3e2f4b32e5fe99e0b86d576da1312593b39f47d8ceef365e95ed/packaging-26.2-py3-none-any.whl", hash = "sha256:5fc45236b9446107ff2415ce77c807cee2862cb6fac22b8a73826d0693b0980e", size = 100195, upload-time = "2026-04-24T20:15:22.081Z" },
]

[[package]]
name = "pluggy"
version = "1.6.0"
source = { registry = "https://pypi.org/simple" }
sdist = { url = "https://files.pythonhosted.org/packages/f9/e2/3e91f31a7d2b083fe6ef3fa267035b518369d9511ffab804f839851d2779/pluggy-1.6.0.tar.gz", hash = "sha256:7dcc130b76258d33b90f61b658791dede3486c3e6bfb003ee5c9bfb396dd22f3", size = 69412, upload-time = "2025-05-15T12:30:07.975Z" }
wheels = [
    { url = "https://files.pythonhosted.org/packages/54/20/4d324d65cc6d9205fabedc306948156824eb9f0ee1633355a8f7ec5c66bf/pluggy-1.6.0-py3-none-any.whl", hash = "sha256:e920276dd6813095e9377c0bc5566d94c932c33b27a3e3945d8389c374dd4746", size = 20538, upload-time = "2025-05-15T12:30:06.134Z" },
]

[[package]]
name = "pygments"
version = "2.20.0"
source = { registry = "https://pypi.org/simple" }
sdist = { url = "https://files.pythonhosted.org/packages/c3/b2/bc9c9196916376152d655522fdcebac55e66de6603a76a02bca1b6414f6c/pygments-2.20.0.tar.gz", hash = "sha256:6757cd03768053ff99f3039c1a36d6c0aa0b263438fcab17520b30a303a82b5f", size = 4955991, upload-time = "2026-03-29T13:29:33.898Z" }
wheels = [
    { url = "https://files.pythonhosted.org/packages/f4/7e/a72dd26f3b0f4f2bf1dd8923c85f7ceb43172af56d63c7383eb62b332364/pygments-2.20.0-py3-none-any.whl", hash = "sha256:81a9e26dd42fd28a23a2d169d86d7ac03b46e2f8b59ed4698fb4785f946d0176", size = 1231151, upload-time = "2026-03-29T13:29:30.038Z" },
]

[[package]]
name = "pytest"
version = "9.1.1"
source = { registry = "https://pypi.org/simple" }
dependencies = [
    { name = "colorama", marker = "sys_platform == 'win32'" },
    { name = "iniconfig" },
    { name = "packaging" },
    { name = "pluggy" },
    { name = "pygments" },
]
sdist = { url = "https://files.pythonhosted.org/packages/e4/47/b9efed96c114afcfa3c9d3fe98a76a1d14c74a9e266d397cf6eb64be5e01/pytest-9.1.1.tar.gz", hash = "sha256:1088fbde8f2b49d95a549a195707afa7a76a3ce9bcadc26b6d71f0ffda5fe313", size = 1636369, upload-time = "2026-06-19T10:58:32.857Z" }
wheels = [
    { url = "https://files.pythonhosted.org/packages/24/25/1de2678b631f5a49215c6c96fff41ba892b0a34df68d6d80292b1b48aa7f/pytest-9.1.1-py3-none-any.whl", hash = "sha256:37a86b45efb9a47a61a36449063e8e18d0cab3161329fc099eb21783169c4f0c", size = 386536, upload-time = "2026-06-19T10:58:31.347Z" },
]

[[package]]
name = "python-dateutil"
version = "2.9.0.post0"
source = { registry = "https://pypi.org/simple" }
dependencies = [
    { name = "six" },
]
sdist = { url = "https://files.pythonhosted.org/packages/66/c0/0c8b6ad9f17a802ee498c46e004a0eb49bc148f2fd230864601a86dcf6db/python-dateutil-2.9.0.post0.tar.gz", hash = "sha256:37dd54208da7e1cd875388217d5e00ebd4179249f90fb72437e91a35459a0ad3", size = 342432, upload-time = "2024-03-01T18:36:20.211Z" }
wheels = [
    { url = "https://files.pythonhosted.org/packages/ec/57/56b9bcc3c9c6a792fcbaf139543cee77261f3651ca9da0c93f5c1221264b/python_dateutil-2.9.0.post0-py2.py3-none-any.whl", hash = "sha256:a8b2bc7bffae282281c8140a97d3aa9c14da0b136dfe83f850eea9a5f7470427", size = 229892, upload-time = "2024-03-01T18:36:18.57Z" },
]

[[package]]
name = "s3transfer"
version = "0.10.3"
source = { registry = "https://pypi.org/simple" }
dependencies = [
    { name = "botocore" },
]
sdist = { url = "https://files.pythonhosted.org/packages/a0/a8/e0a98fd7bd874914f0608ef7c90ffde17e116aefad765021de0f012690a2/s3transfer-0.10.3.tar.gz", hash = "sha256:4f50ed74ab84d474ce614475e0b8d5047ff080810aac5d01ea25231cfc944b0c", size = 144591, upload-time = "2024-10-08T19:17:16.765Z" }
wheels = [
    { url = "https://files.pythonhosted.org/packages/e5/c0/b0fba8259b61c938c9733da9346b9f93e00881a9db22aafdd72f6ae0ec05/s3transfer-0.10.3-py3-none-any.whl", hash = "sha256:263ed587a5803c6c708d3ce44dc4dfedaab4c1a32e8329bab818933d79ddcf5d", size = 82625, upload-time = "2024-10-08T19:17:14.904Z" },
]

[[package]]
name = "six"
version = "1.16.0"
source = { registry = "https://pypi.org/simple" }
sdist = { url = "https://files.pythonhosted.org/packages/71/39/171f1c67cd00715f190ba0b100d606d440a28c93c7714febeca8b79af85e/six-1.16.0.tar.gz", hash = "sha256:1e61c37477a1626458e36f7b1d82aa5c9b094fa4802892072e49de9c60c4c926", size = 34041, upload-time = "2021-05-05T14:18:18.379Z" }
wheels = [
    { url = "https://files.pythonhosted.org/packages/d9/5a/e7c31adbe875f2abbb91bd84cf2dc52d792b5a01506781dbcf25c91daf11/six-1.16.0-py2.py3-none-any.whl", hash = "sha256:8abb2f1d86890a2dfb989f9a77cfcfd3e47c2a354b01111771326f8aa26e0254", size = 11053, upload-time = "2021-05-05T14:18:17.237Z" },
]

[[package]]
name = "types-awscrt"
version = "0.23.0"
source = { registry = "https://pypi.org/simple" }
sdist = { url = "https://files.pythonhosted.org/packages/dd/23/7de2052a76ec03cdc56cb425efbcb80e9d779a188cd1ae44e8524c717c35/types_awscrt-0.23.0.tar.gz", hash = "sha256:3fd1edeac923d1956c0e907c973fb83bda465beae7f054716b371b293f9b5fdc", size = 14942, upload-time = "2024-10-24T01:27:04.191Z" }
wheels = [
    { url = "https://files.pythonhosted.org/packages/fc/05/155d84a2a73083bf3243584ae90d9710eac7d31f54362e35ca413bdaba39/types_awscrt-0.23.0-py3-none-any.whl", hash = "sha256:517d9d06f19cf58d778ca90ad01e52e0489466bf70dcf78c7f47f74fdf151a60", size = 18406, upload-time = "2024-10-24T01:27:02.966Z" },
]

[[package]]
name = "types-s3transfer"
version = "0.10.3"
source = { registry = "https://pypi.org/simple" }
sdist = { url = "https://files.pythonhosted.org/packages/41/60/3e58d63d1aea14a1c86eb89d717b1e2a3fcf1cc6bd1ae9dd21ab0ba14e8d/types_s3transfer-0.10.3.tar.gz", hash = "sha256:f761b2876ac4c208e6c6b75cdf5f6939009768be9950c545b11b0225e7703ee7", size = 13837, upload-time = "2024-10-09T00:33:32.994Z" }
wheels = [
    { url = "https://files.pythonhosted.org/packages/a4/15/983b535b1f76db52f3b428ef079aa3013c71a8b7aaab98edee4a1b2ab647/types_s3transfer-0.10.3-py3-none-any.whl", hash = "sha256:d34c5a82f531af95bb550927136ff5b737a1ed3087f90a59d545591dfde5b4cc", size = 18740, upload-time = "2024-10-09T00:33:31.356Z" },
]

[[package]]
name = "urllib3"
version = "2.2.3"
source = { registry = "https://pypi.org/simple" }
sdist = { url = "https://files.pythonhosted.org/packages/ed/63/22ba4ebfe7430b76388e7cd448d5478814d3032121827c12a2cc287e2260/urllib3-2.2.3.tar.gz", hash = "sha256:e7d814a81dad81e6caf2ec9fdedb284ecc9c73076b62654547cc64ccdcae26e9", size = 300677, upload-time = "2024-09-12T10:52:18.401Z" }
wheels = [
    { url = "https://files.pythonhosted.org/packages/ce/d9/5f4c13cecde62396b0d3fe530a50ccea91e7dfc1ccf0e09c228841bb5ba8/urllib3-2.2.3-py3-none-any.whl", hash = "sha256:ca899ca043dcb1bafa3e262d73aa25c465bfb49e0bd9dd5d59f1d0acba2f8fac", size = 126338, upload-time = "2024-09-12T10:52:16.589Z" },
]
